// !$*UTF8*$!
{
	archiveVersion = 1;
	classes = {
	};
	objectVersion = 50;
	objects = {

/* Begin PBXBuildFile section */
		61EB11654A6D300181107B0C /* Pods_AEAlertViewDemo.framework in Frameworks */ = {isa = PBXBuildFile; fileRef = 06D83DFCE04831D445572834 /* Pods_AEAlertViewDemo.framework */; };
		9F74C53421468ED100928A29 /* AppDelegate.swift in Sources */ = {isa = PBXBuildFile; fileRef = 9F74C53321468ED100928A29 /* AppDelegate.swift */; };
		9F74C53621468ED100928A29 /* ViewController.swift in Sources */ = {isa = PBXBuildFile; fileRef = 9F74C53521468ED100928A29 /* ViewController.swift */; };
		9F74C53921468ED100928A29 /* Main.storyboard in Resources */ = {isa = PBXBuildFile; fileRef = 9F74C53721468ED100928A29 /* Main.storyboard */; };
		9F74C53B21468ED200928A29 /* Assets.xcassets in Resources */ = {isa = PBXBuildFile; fileRef = 9F74C53A21468ED200928A29 /* Assets.xcassets */; };
		9F74C53E21468ED200928A29 /* LaunchScreen.storyboard in Resources */ = {isa = PBXBuildFile; fileRef = 9F74C53C21468ED200928A29 /* LaunchScreen.storyboard */; };
/* End PBXBuildFile section */

/* Begin PBXFileReference section */
		06D83DFCE04831D445572834 /* Pods_AEAlertViewDemo.framework */ = {isa = PBXFileReference; explicitFileType = wrapper.framework; includeInIndex = 0; path = Pods_AEAlertViewDemo.framework; sourceTree = BUILT_PRODUCTS_DIR; };
		9AB121EA354C7419B61F04D8 /* Pods-AEAlertViewDemo.release.xcconfig */ = {isa = PBXFileReference; includeInIndex = 1; lastKnownFileType = text.xcconfig; name = "Pods-AEAlertViewDemo.release.xcconfig"; path = "Pods/Target Support Files/Pods-AEAlertViewDemo/Pods-AEAlertViewDemo.release.xcconfig"; sourceTree = "<group>"; };
		9F74C53021468ED100928A29 /* AEAlertViewDemo.app */ = {isa = PBXFileReference; explicitFileType = wrapper.application; includeInIndex = 0; path = AEAlertViewDemo.app; sourceTree = BUILT_PRODUCTS_DIR; };
		9F74C53321468ED100928A29 /* AppDelegate.swift */ = {isa = PBXFileReference; lastKnownFileType = sourcecode.swift; path = AppDelegate.swift; sourceTree = "<group>"; };
		9F74C53521468ED100928A29 /* ViewController.swift */ = {isa = PBXFileReference; lastKnownFileType = sourcecode.swift; path = ViewController.swift; sourceTree = "<group>"; };
		9F74C53821468ED100928A29 /* Base */ = {isa = PBXFileReference; lastKnownFileType = file.storyboard; name = Base; path = Base.lproj/Main.storyboard; sourceTree = "<group>"; };
		9F74C53A21468ED200928A29 /* Assets.xcassets */ = {isa = PBXFileReference; lastKnownFileType = folder.assetcatalog; path = Assets.xcassets; sourceTree = "<group>"; };
		9F74C53D21468ED200928A29 /* Base */ = {isa = PBXFileReference; lastKnownFileType = file.storyboard; name = Base; path = Base.lproj/LaunchScreen.storyboard; sourceTree = "<group>"; };
		9F74C53F21468ED200928A29 /* Info.plist */ = {isa = PBXFileReference; lastKnownFileType = text.plist.xml; path = Info.plist; sourceTree = "<group>"; };
		D80054B8D9175BE7C114CFC3 /* Pods-AEAlertViewDemo.debug.xcconfig */ = {isa = PBXFileReference; includeInIndex = 1; lastKnownFileType = text.xcconfig; name = "Pods-AEAlertViewDemo.debug.xcconfig"; path = "Pods/Target Support Files/Pods-AEAlertViewDemo/Pods-AEAlertViewDemo.debug.xcconfig"; sourceTree = "<group>"; };
/* End PBXFileReference section */

/* Begin PBXFrameworksBuildPhase section */
		9F74C52D21468ED100928A29 /* Frameworks */ = {
			isa = PBXFrameworksBuildPhase;
			buildActionMask = 2147483647;
			files = (
				61EB11654A6D300181107B0C /* Pods_AEAlertViewDemo.framework in Frameworks */,
			);
			runOnlyForDeploymentPostprocessing = 0;
		};
/* End PBXFrameworksBuildPhase section */

/* Begin PBXGroup section */
		8BD5F3DDB847D8554F410BAF /* Frameworks */ = {
			isa = PBXGroup;
			children = (
				06D83DFCE04831D445572834 /* Pods_AEAlertViewDemo.framework */,
			);
			name = Frameworks;
			sourceTree = "<group>";
		};
		9F74C52721468ED100928A29 = {
			isa = PBXGroup;
			children = (
				9F74C53221468ED100928A29 /* AEAlertViewDemo */,
				9F74C53121468ED100928A29 /* Products */,
				DBFEE9DF5B257631BB3E9662 /* Pods */,
				8BD5F3DDB847D8554F410BAF /* Frameworks */,
			);
			sourceTree = "<group>";
		};
		9F74C53121468ED100928A29 /* Products */ = {
			isa = PBXGroup;
			children = (
				9F74C53021468ED100928A29 /* AEAlertViewDemo.app */,
			);
			name = Products;
			sourceTree = "<group>";
		};
		9F74C53221468ED100928A29 /* AEAlertViewDemo */ = {
			isa = PBXGroup;
			children = (
				9F74C53321468ED100928A29 /* AppDelegate.swift */,
				9F74C53521468ED100928A29 /* ViewController.swift */,
				9F74C53721468ED100928A29 /* Main.storyboard */,
				9F74C53A21468ED200928A29 /* Assets.xcassets */,
				9F74C53C21468ED200928A29 /* LaunchScreen.storyboard */,
				9F74C53F21468ED200928A29 /* Info.plist */,
			);
			path = AEAlertViewDemo;
			sourceTree = "<group>";
		};
		DBFEE9DF5B257631BB3E9662 /* Pods */ = {
			isa = PBXGroup;
			children = (
				D80054B8D9175BE7C114CFC3 /* Pods-AEAlertViewDemo.debug.xcconfig */,
				9AB121EA354C7419B61F04D8 /* Pods-AEAlertViewDemo.release.xcconfig */,
			);
			name = Pods;
			sourceTree = "<group>";
		};
/* End PBXGroup section */

/* Begin PBXNativeTarget section */
		9F74C52F21468ED100928A29 /* AEAlertViewDemo */ = {
			isa = PBXNativeTarget;
			buildConfigurationList = 9F74C54221468ED200928A29 /* Build configuration list for PBXNativeTarget "AEAlertViewDemo" */;
			buildPhases = (
				1B85F01C2687730E9EA4447A /* [CP] Check Pods Manifest.lock */,
				9F74C52C21468ED100928A29 /* Sources */,
				9F74C52D21468ED100928A29 /* Frameworks */,
				9F74C52E21468ED100928A29 /* Resources */,
				FE68BFC04B990ACE14955606 /* [CP] Embed Pods Frameworks */,
			);
			buildRules = (
			);
			dependencies = (
			);
			name = AEAlertViewDemo;
			productName = AEAlertViewDemo;
			productReference = 9F74C53021468ED100928A29 /* AEAlertViewDemo.app */;
			productType = "com.apple.product-type.application";
		};
/* End PBXNativeTarget section */

/* Begin PBXProject section */
		9F74C52821468ED100928A29 /* Project object */ = {
			isa = PBXProject;
			attributes = {
				LastSwiftUpdateCheck = 0940;
				LastUpgradeCheck = 0940;
				ORGANIZATIONNAME = Allen;
				TargetAttributes = {
					9F74C52F21468ED100928A29 = {
						CreatedOnToolsVersion = 9.4.1;
					};
				};
			};
			buildConfigurationList = 9F74C52B21468ED100928A29 /* Build configuration list for PBXProject "AEAlertViewDemo" */;
			compatibilityVersion = "Xcode 9.3";
			developmentRegion = en;
			hasScannedForEncodings = 0;
			knownRegions = (
				en,
				Base,
			);
			mainGroup = 9F74C52721468ED100928A29;
			productRefGroup = 9F74C53121468ED100928A29 /* Products */;
			projectDirPath = "";
			projectRoot = "";
			targets = (
				9F74C52F21468ED100928A29 /* AEAlertViewDemo */,
			);
		};
/* End PBXProject section */

/* Begin PBXResourcesBuildPhase section */
		9F74C52E21468ED100928A29 /* Resources */ = {
			isa = PBXResourcesBuildPhase;
			buildActionMask = 2147483647;
			files = (
				9F74C53E21468ED200928A29 /* LaunchScreen.storyboard in Resources */,
				9F74C53B21468ED200928A29 /* Assets.xcassets in Resources */,
				9F74C53921468ED100928A29 /* Main.storyboard in Resources */,
			);
			runOnlyForDeploymentPostprocessing = 0;
		};
/* End PBXResourcesBuildPhase section */

/* Begin PBXShellScriptBuildPhase section */
		1B85F01C2687730E9EA4447A /* [CP] Check Pods Manifest.lock */ = {
			isa = PBXShellScriptBuildPhase;
			buildActionMask = 2147483647;
			files = (
			);
			inputPaths = (
				"${PODS_PODFILE_DIR_PATH}/Podfile.lock",
				"${PODS_ROOT}/Manifest.lock",
			);
			name = "[CP] Check Pods Manifest.lock";
			outputPaths = (
				"$(DERIVED_FILE_DIR)/Pods-AEAlertViewDemo-checkManifestLockResult.txt",
			);
			runOnlyForDeploymentPostprocessing = 0;
			shellPath = /bin/sh;
			shellScript = "diff \"${PODS_PODFILE_DIR_PATH}/Podfile.lock\" \"${PODS_ROOT}/Manifest.lock\" > /dev/null\nif [ $? != 0 ] ; then\n    # print error to STDERR\n    echo \"error: The sandbox is not in sync with the Podfile.lock. Run 'pod install' or update your CocoaPods installation.\" >&2\n    exit 1\nfi\n# This output is used by Xcode 'outputs' to avoid re-running this script phase.\necho \"SUCCESS\" > \"${SCRIPT_OUTPUT_FILE_0}\"\n";
			showEnvVarsInLog = 0;
		};
		FE68BFC04B990ACE14955606 /* [CP] Embed Pods Frameworks */ = {
			isa = PBXShellScriptBuildPhase;
			buildActionMask = 2147483647;
			files = (
			);
			inputPaths = (
				"${SRCROOT}/Pods/Target Support Files/Pods-AEAlertViewDemo/Pods-AEAlertViewDemo-frameworks.sh",
				"${BUILT_PRODUCTS_DIR}/AEAlertView/AEAlertView.framework",
			);
			name = "[CP] Embed Pods Frameworks";
			outputPaths = (
				"${TARGET_BUILD_DIR}/${FRAMEWORKS_FOLDER_PATH}/AEAlertView.framework",
			);
			runOnlyForDeploymentPostprocessing = 0;
			shellPath = /bin/sh;
			shellScript = "\"${SRCROOT}/Pods/Target Support Files/Pods-AEAlertViewDemo/Pods-AEAlertViewDemo-frameworks.sh\"\n";
			showEnvVarsInLog = 0;
		};
/* End PBXShellScriptBuildPhase section */

/* Begin PBXSourcesBuildPhase section */
		9F74C52C21468ED100928A29 /* Sources */ = {
			isa = PBXSourcesBuildPhase;
			buildActionMask = 2147483647;
			files = (
				9F74C53621468ED100928A29 /* ViewController.swift in Sources */,
				9F74C53421468ED100928A29 /* AppDelegate.swift in Sources */,
			);
			runOnlyForDeploymentPostprocessing = 0;
		};
/* End PBXSourcesBuildPhase section */

/* Begin PBXVariantGroup section */
		9F74C53721468ED100928A29 /* Main.storyboard */ = {
			isa = PBXVariantGroup;
			children = (
				9F74C53821468ED100928A29 /* Base */,
			);
			name = Main.storyboard;
			sourceTree = "<group>";
		};
		9F74C53C21468ED200928A29 /* LaunchScreen.storyboard */ = {
			isa = PBXVariantGroup;
			children = (
				9F74C53D21468ED200928A29 /* Base */,
			);
			name = LaunchScreen.storyboard;
			sourceTree = "<group>";
		};
/* End PBXVariantGroup section */

/* Begin XCBuildConfiguration section */
		9F74C54021468ED200928A29 /* Debug */ = {
			isa = XCBuildConfiguration;
			buildSettings = {
				ALWAYS_SEARCH_USER_PATHS = NO;
				CLANG_ANALYZER_NONNULL = YES;
				CLANG_ANALYZER_NUMBER_OBJECT_CONVERSION = YES_AGGRESSIVE;
				CLANG_CXX_LANGUAGE_STANDARD = "gnu++14";
				CLANG_CXX_LIBRARY = "libc++";
				CLANG_ENABLE_MODULES = YES;
				CLANG_ENABLE_OBJC_ARC = YES;
				CLANG_ENABLE_OBJC_WEAK = YES;
				CLANG_WARN_BLOCK_CAPTURE_AUTORELEASING = YES;
				CLANG_WARN_BOOL_CONVERSION = YES;
				CLANG_WARN_COMMA = YES;
				CLANG_WARN_CONSTANT_CONVERSION = YES;
				CLANG_WARN_DEPRECATED_OBJC_IMPLEMENTATIONS = YES;
				CLANG_WARN_DIRECT_OBJC_ISA_USAGE = YES_ERROR;
				CLANG_WARN_DOCUMENTATION_COMMENTS = YES;
				CLANG_WARN_EMPTY_BODY = YES;
				CLANG_WARN_ENUM_CONVERSION = YES;
				CLANG_WARN_INFINITE_RECURSION = YES;
				CLANG_WARN_INT_CONVERSION = YES;
				CLANG_WARN_NON_LITERAL_NULL_CONVERSION = YES;
				CLANG_WARN_OBJC_IMPLICIT_RETAIN_SELF = YES;
				CLANG_WARN_OBJC_LITERAL_CONVERSION = YES;
				CLANG_WARN_OBJC_ROOT_CLASS = YES_ERROR;
				CLANG_WARN_RANGE_LOOP_ANALYSIS = YES;
				CLANG_WARN_STRICT_PROTOTYPES = YES;
				CLANG_WARN_SUSPICIOUS_MOVE = YES;
				CLANG_WARN_UNGUARDED_AVAILABILITY = YES_AGGRESSIVE;
				CLANG_WARN_UNREACHABLE_CODE = YES;
				CLANG_WARN__DUPLICATE_METHOD_MATCH = YES;
				CODE_SIGN_IDENTITY = "iPhone Developer";
				COPY_PHASE_STRIP = NO;
				DEBUG_INFORMATION_FORMAT = dwarf;
				ENABLE_STRICT_OBJC_MSGSEND = YES;
				ENABLE_TESTABILITY = YES;
				GCC_C_LANGUAGE_STANDARD = gnu11;
				GCC_DYNAMIC_NO_PIC = NO;
				GCC_NO_COMMON_BLOCKS = YES;
				GCC_OPTIMIZATION_LEVEL = 0;
				GCC_PREPROCESSOR_DEFINITIONS = (
					"DEBUG=1",
					"$(inherited)",
				);
				GCC_WARN_64_TO_32_BIT_CONVERSION = YES;
				GCC_WARN_ABOUT_RETURN_TYPE = YES_ERROR;
				GCC_WARN_UNDECLARED_SELECTOR = YES;
				GCC_WARN_UNINITIALIZED_AUTOS = YES_AGGRESSIVE;
				GCC_WARN_UNUSED_FUNCTION = YES;
				GCC_WARN_UNUSED_VARIABLE = YES;
				IPHONEOS_DEPLOYMENT_TARGET = 11.4;
				MTL_ENABLE_DEBUG_INFO = YES;
				ONLY_ACTIVE_ARCH = YES;
				SDKROOT = iphoneos;
				SWIFT_ACTIVE_COMPILATION_CONDITIONS = DEBUG;
				SWIFT_OPTIMIZATION_LEVEL = "-Onone";
			};
			name = Debug;
		};
		9F74C54121468ED200928A29 /* Release */ = {
			isa = XCBuildConfiguration;
			buildSettings = {
				ALWAYS_SEARCH_USER_PATHS = NO;
				CLANG_ANALYZER_NONNULL = YES;
				CLANG_ANALYZER_NUMBER_OBJECT_CONVERSION = YES_AGGRESSIVE;
				CLANG_CXX_LANGUAGE_STANDARD = "gnu++14";
				CLANG_CXX_LIBRARY = "libc++";
				CLANG_ENABLE_MODULES = YES;
				CLANG_ENABLE_OBJC_ARC = YES;
				CLANG_ENABLE_OBJC_WEAK = YES;
				CLANG_WARN_BLOCK_CAPTURE_AUTORELEASING = YES;
				CLANG_WARN_BOOL_CONVERSION = YES;
				CLANG_WARN_COMMA = YES;
				CLANG_WARN_CONSTANT_CONVERSION = YES;
				CLANG_WARN_DEPRECATED_OBJC_IMPLEMENTATIONS = YES;
				CLANG_WARN_DIRECT_OBJC_ISA_USAGE = YES_ERROR;
				CLANG_WARN_DOCUMENTATION_COMMENTS = YES;
				CLANG_WARN_EMPTY_BODY = YES;
				CLANG_WARN_ENUM_CONVERSION = YES;
				CLANG_WARN_INFINITE_RECURSION = YES;
				CLANG_WARN_INT_CONVERSION = YES;
				CLANG_WARN_NON_LITERAL_NULL_CONVERSION = YES;
				CLANG_WARN_OBJC_IMPLICIT_RETAIN_SELF = YES;
				CLANG_WARN_OBJC_LITERAL_CONVERSION = YES;
				CLANG_WARN_OBJC_ROOT_CLASS = YES_ERROR;
				CLANG_WARN_RANGE_LOOP_ANALYSIS = YES;
				CLANG_WARN_STRICT_PROTOTYPES = YES;
				CLANG_WARN_SUSPICIOUS_MOVE = YES;
				CLANG_WARN_UNGUARDED_AVAILABILITY = YES_AGGRESSIVE;
				CLANG_WARN_UNREACHABLE_CODE = YES;
				CLANG_WARN__DUPLICATE_METHOD_MATCH = YES;
				CODE_SIGN_IDENTITY = "iPhone Developer";
				COPY_PHASE_STRIP = NO;
				DEBUG_INFORMATION_FORMAT = "dwarf-with-dsym";
				ENABLE_NS_ASSERTIONS = NO;
				ENABLE_STRICT_OBJC_MSGSEND = YES;
				GCC_C_LANGUAGE_STANDARD = gnu11;
				GCC_NO_COMMON_BLOCKS = YES;
				GCC_WARN_64_TO_32_BIT_CONVERSION = YES;
				GCC_WARN_ABOUT_RETURN_TYPE = YES_ERROR;
				GCC_WARN_UNDECLARED_SELECTOR = YES;
				GCC_WARN_UNINITIALIZED_AUTOS = YES_AGGRESSIVE;
				GCC_WARN_UNUSED_FUNCTION = YES;
				GCC_WARN_UNUSED_VARIABLE = YES;
				IPHONEOS_DEPLOYMENT_TARGET = 11.4;
				MTL_ENABLE_DEBUG_INFO = NO;
				SDKROOT = iphoneos;
				SWIFT_COMPILATION_MODE = wholemodule;
				SWIFT_OPTIMIZATION_LEVEL = "-O";
				VALIDATE_PRODUCT = YES;
			};
			name = Release;
		};
		9F74C54321468ED200928A29 /* Debug */ = {
			isa = XCBuildConfiguration;
			baseConfigurationReference = D80054B8D9175BE7C114CFC3 /* Pods-AEAlertViewDemo.debug.xcconfig */;
			buildSettings = {
				ASSETCATALOG_COMPILER_APPICON_NAME = AppIcon;
				CODE_SIGN_STYLE = Automatic;
				DEVELOPMENT_TEAM = "";
				INFOPLIST_FILE = AEAlertViewDemo/Info.plist;
				LD_RUNPATH_SEARCH_PATHS = (
					"$(inherited)",
					"@executable_path/Frameworks",
				);
				PRODUCT_BUNDLE_IDENTIFIER = com.allen.AEAlertViewDemo;
				PRODUCT_NAME = "$(TARGET_NAME)";
				SWIFT_VERSION = 3.0;
				TARGETED_DEVICE_FAMILY = "1,2";
			};
			name = Debug;
		};
		9F74C54421468ED200928A29 /* Release */ = {
			isa = XCBuildConfiguration;
			baseConfigurationReference = 9AB121EA354C7419B61F04D8 /* Pods-AEAlertViewDemo.release.xcconfig */;
			buildSettings = {
				ASSETCATALOG_COMPILER_APPICON_NAME = AppIcon;
				CODE_SIGN_STYLE = Automatic;
				DEVELOPMENT_TEAM = "";
				INFOPLIST_FILE = AEAlertViewDemo/Info.plist;
				LD_RUNPATH_SEARCH_PATHS = (
					"$(inherited)",
					"@executable_path/Frameworks",
				);
				PRODUCT_BUNDLE_IDENTIFIER = com.allen.AEAlertViewDemo;
				PRODUCT_NAME = "$(TARGET_NAME)";
				SWIFT_VERSION = 3.0;
				TARGETED_DEVICE_FAMILY = "1,2";
			};
			name = Release;
		};
/* End XCBuildConfiguration section */

/* Begin XCConfigurationList section */
		9F74C52B21468ED100928A29 /* Build configuration list for PBXProject "AEAlertViewDemo" */ = {
			isa = XCConfigurationList;
			buildConfigurations = (
				9F74C54021468ED200928A29 /* Debug */,
				9F74C54121468ED200928A29 /* Release */,
			);
			defaultConfigurationIsVisible = 0;
			defaultConfigurationName = Release;
		};
		9F74C54221468ED200928A29 /* Build configuration list for PBXNativeTarget "AEAlertViewDemo" */ = {
			isa = XCConfigurationList;
			buildConfigurations = (
				9F74C54321468ED200928A29 /* Debug */,
				9F74C54421468ED200928A29 /* Release */,
			);
			defaultConfigurationIsVisible = 0;
			defaultConfigurationName = Release;
		};
/* End XCConfigurationList section */
	};
	rootObject = 9F74C52821468ED100928A29 /* Project object */;
}
